// !$*UTF8*$!
{
	archiveVersion = 1;
	classes = {
	};
	objectVersion = 50;
	objects = {

/* Begin PBXBuildFile section */
		F129EC7F23C21B4300E9364E /* Main.storyboard in Resources */ = {isa = PBXBuildFile; fileRef = F129EC7E23C21B4300E9364E /* Main.storyboard */; };
		F1B54B37231D788500B38767 /* MenuController.swift in Sources */ = {isa = PBXBuildFile; fileRef = F1B54B36231D788500B38767 /* MenuController.swift */; };
		F1B72A6C23C229A1008AAE49 /* Repo.swift in Sources */ = {isa = PBXBuildFile; fileRef = F1B72A6B23C229A1008AAE49 /* Repo.swift */; };
		F1B72A6E23C229C2008AAE49 /* Level.swift in Sources */ = {isa = PBXBuildFile; fileRef = F1B72A6D23C229C2008AAE49 /* Level.swift */; };
		F1B72A7023C22A6C008AAE49 /* Suit.swift in Sources */ = {isa = PBXBuildFile; fileRef = F1B72A6F23C22A6C008AAE49 /* Suit.swift */; };
		F1B72A7423C22C2E008AAE49 /* Rank.swift in Sources */ = {isa = PBXBuildFile; fileRef = F1B72A7323C22C2E008AAE49 /* Rank.swift */; };
		F1B72A7623C22EFF008AAE49 /* Card.swift in Sources */ = {isa = PBXBuildFile; fileRef = F1B72A7523C22EFF008AAE49 /* Card.swift */; };
		F1B72A7823C22F76008AAE49 /* Deck.swift in Sources */ = {isa = PBXBuildFile; fileRef = F1B72A7723C22F76008AAE49 /* Deck.swift */; };
		F1B72A8423C23DAB008AAE49 /* MainController.swift in Sources */ = {isa = PBXBuildFile; fileRef = F1B72A8323C23DAB008AAE49 /* MainController.swift */; };
		F1B72A8623C23E44008AAE49 /* Cell.swift in Sources */ = {isa = PBXBuildFile; fileRef = F1B72A8523C23E44008AAE49 /* Cell.swift */; };
		F1C29342231D4D0600DFD49F /* AppDelegate.swift in Sources */ = {isa = PBXBuildFile; fileRef = F1C29341231D4D0600DFD49F /* AppDelegate.swift */; };
		F1C29349231D4D0700DFD49F /* Assets.xcassets in Resources */ = {isa = PBXBuildFile; fileRef = F1C29348231D4D0700DFD49F /* Assets.xcassets */; };
		F1C2934C231D4D0700DFD49F /* Launch.storyboard in Resources */ = {isa = PBXBuildFile; fileRef = F1C2934A231D4D0700DFD49F /* Launch.storyboard */; };
/* End PBXBuildFile section */

/* Begin PBXFileReference section */
		F129EC7E23C21B4300E9364E /* Main.storyboard */ = {isa = PBXFileReference; lastKnownFileType = file.storyboard; path = Main.storyboard; sourceTree = "<group>"; };
		F1B54B36231D788500B38767 /* MenuController.swift */ = {isa = PBXFileReference; lastKnownFileType = sourcecode.swift; path = MenuController.swift; sourceTree = "<group>"; };
		F1B72A6B23C229A1008AAE49 /* Repo.swift */ = {isa = PBXFileReference; lastKnownFileType = sourcecode.swift; path = Repo.swift; sourceTree = "<group>"; };
		F1B72A6D23C229C2008AAE49 /* Level.swift */ = {isa = PBXFileReference; lastKnownFileType = sourcecode.swift; path = Level.swift; sourceTree = "<group>"; };
		F1B72A6F23C22A6C008AAE49 /* Suit.swift */ = {isa = PBXFileReference; lastKnownFileType = sourcecode.swift; path = Suit.swift; sourceTree = "<group>"; };
		F1B72A7323C22C2E008AAE49 /* Rank.swift */ = {isa = PBXFileReference; lastKnownFileType = sourcecode.swift; path = Rank.swift; sourceTree = "<group>"; };
		F1B72A7523C22EFF008AAE49 /* Card.swift */ = {isa = PBXFileReference; lastKnownFileType = sourcecode.swift; path = Card.swift; sourceTree = "<group>"; };
		F1B72A7723C22F76008AAE49 /* Deck.swift */ = {isa = PBXFileReference; lastKnownFileType = sourcecode.swift; path = Deck.swift; sourceTree = "<group>"; };
		F1B72A8323C23DAB008AAE49 /* MainController.swift */ = {isa = PBXFileReference; lastKnownFileType = sourcecode.swift; path = MainController.swift; sourceTree = "<group>"; };
		F1B72A8523C23E44008AAE49 /* Cell.swift */ = {isa = PBXFileReference; lastKnownFileType = sourcecode.swift; path = Cell.swift; sourceTree = "<group>"; };
		F1C2933E231D4D0600DFD49F /* Card.app */ = {isa = PBXFileReference; explicitFileType = wrapper.application; includeInIndex = 0; path = Card.app; sourceTree = BUILT_PRODUCTS_DIR; };
		F1C29341231D4D0600DFD49F /* AppDelegate.swift */ = {isa = PBXFileReference; lastKnownFileType = sourcecode.swift; path = AppDelegate.swift; sourceTree = "<group>"; };
		F1C29348231D4D0700DFD49F /* Assets.xcassets */ = {isa = PBXFileReference; lastKnownFileType = folder.assetcatalog; path = Assets.xcassets; sourceTree = "<group>"; };
		F1C2934B231D4D0700DFD49F /* Base */ = {isa = PBXFileReference; lastKnownFileType = file.storyboard; name = Base; path = Base.lproj/Launch.storyboard; sourceTree = "<group>"; };
		F1C2934D231D4D0700DFD49F /* Info.plist */ = {isa = PBXFileReference; lastKnownFileType = text.plist.xml; path = Info.plist; sourceTree = "<group>"; };
/* End PBXFileReference section */

/* Begin PBXFrameworksBuildPhase section */
		F1C2933B231D4D0600DFD49F /* Frameworks */ = {
			isa = PBXFrameworksBuildPhase;
			buildActionMask = 2147483647;
			files = (
			);
			runOnlyForDeploymentPostprocessing = 0;
		};
/* End PBXFrameworksBuildPhase section */

/* Begin PBXGroup section */
		F1B72A8023C23AF8008AAE49 /* model */ = {
			isa = PBXGroup;
			children = (
				F1B72A7723C22F76008AAE49 /* Deck.swift */,
				F1B72A7523C22EFF008AAE49 /* Card.swift */,
				F1B72A6F23C22A6C008AAE49 /* Suit.swift */,
				F1B72A7323C22C2E008AAE49 /* Rank.swift */,
				F1B72A6D23C229C2008AAE49 /* Level.swift */,
			);
			path = model;
			sourceTree = "<group>";
		};
		F1B72A8123C23B1F008AAE49 /* view */ = {
			isa = PBXGroup;
			children = (
				F129EC7E23C21B4300E9364E /* Main.storyboard */,
				F1C2934A231D4D0700DFD49F /* Launch.storyboard */,
			);
			path = view;
			sourceTree = "<group>";
		};
		F1B72A8223C23B2D008AAE49 /* controller */ = {
			isa = PBXGroup;
			children = (
				F1C29341231D4D0600DFD49F /* AppDelegate.swift */,
				F1B54B36231D788500B38767 /* MenuController.swift */,
				F1B72A6B23C229A1008AAE49 /* Repo.swift */,
				F1B72A8323C23DAB008AAE49 /* MainController.swift */,
				F1B72A8523C23E44008AAE49 /* Cell.swift */,
			);
			path = controller;
			sourceTree = "<group>";
		};
		F1C29335231D4D0500DFD49F = {
			isa = PBXGroup;
			children = (
				F1C29340231D4D0600DFD49F /* Card */,
				F1C2933F231D4D0600DFD49F /* Products */,
			);
			sourceTree = "<group>";
		};
		F1C2933F231D4D0600DFD49F /* Products */ = {
			isa = PBXGroup;
			children = (
				F1C2933E231D4D0600DFD49F /* Card.app */,
			);
			name = Products;
			sourceTree = "<group>";
		};
		F1C29340231D4D0600DFD49F /* Card */ = {
			isa = PBXGroup;
			children = (
				F1B72A8223C23B2D008AAE49 /* controller */,
				F1B72A8123C23B1F008AAE49 /* view */,
				F1B72A8023C23AF8008AAE49 /* model */,
				F1C29348231D4D0700DFD49F /* Assets.xcassets */,
				F1C2934D231D4D0700DFD49F /* Info.plist */,
			);
			path = Card;
			sourceTree = "<group>";
		};
/* End PBXGroup section */

/* Begin PBXNativeTarget section */
		F1C2933D231D4D0600DFD49F /* Card */ = {
			isa = PBXNativeTarget;
			buildConfigurationList = F1C29350231D4D0700DFD49F /* Build configuration list for PBXNativeTarget "Card" */;
			buildPhases = (
				F1C2933A231D4D0600DFD49F /* Sources */,
				F1C2933B231D4D0600DFD49F /* Frameworks */,
				F1C2933C231D4D0600DFD49F /* Resources */,
			);
			buildRules = (
			);
			dependencies = (
			);
			name = Card;
			productName = Card;
			productReference = F1C2933E231D4D0600DFD49F /* Card.app */;
			productType = "com.apple.product-type.application";
		};
/* End PBXNativeTarget section */

/* Begin PBXProject section */
		F1C29336231D4D0500DFD49F /* Project object */ = {
			isa = PBXProject;
			attributes = {
				LastSwiftUpdateCheck = 1020;
				LastUpgradeCheck = 1020;
				ORGANIZATIONNAME = haanh;
				TargetAttributes = {
					F1C2933D231D4D0600DFD49F = {
						CreatedOnToolsVersion = 10.2.1;
					};
				};
			};
			buildConfigurationList = F1C29339231D4D0500DFD49F /* Build configuration list for PBXProject "Card" */;
			compatibilityVersion = "Xcode 9.3";
			developmentRegion = en;
			hasScannedForEncodings = 0;
			knownRegions = (
				en,
				Base,
			);
			mainGroup = F1C29335231D4D0500DFD49F;
			productRefGroup = F1C2933F231D4D0600DFD49F /* Products */;
			projectDirPath = "";
			projectRoot = "";
			targets = (
				F1C2933D231D4D0600DFD49F /* Card */,
			);
		};
/* End PBXProject section */

/* Begin PBXResourcesBuildPhase section */
		F1C2933C231D4D0600DFD49F /* Resources */ = {
			isa = PBXResourcesBuildPhase;
			buildActionMask = 2147483647;
			files = (
				F129EC7F23C21B4300E9364E /* Main.storyboard in Resources */,
				F1C2934C231D4D0700DFD49F /* Launch.storyboard in Resources */,
				F1C29349231D4D0700DFD49F /* Assets.xcassets in Resources */,
			);
			runOnlyForDeploymentPostprocessing = 0;
		};
/* End PBXResourcesBuildPhase section */

/* Begin PBXSourcesBuildPhase section */
		F1C2933A231D4D0600DFD49F /* Sources */ = {
			isa = PBXSourcesBuildPhase;
			buildActionMask = 2147483647;
			files = (
				F1B72A6C23C229A1008AAE49 /* Repo.swift in Sources */,
				F1B72A7023C22A6C008AAE49 /* Suit.swift in Sources */,
				F1B72A7623C22EFF008AAE49 /* Card.swift in Sources */,
				F1B54B37231D788500B38767 /* MenuController.swift in Sources */,
				F1B72A8423C23DAB008AAE49 /* MainController.swift in Sources */,
				F1B72A7823C22F76008AAE49 /* Deck.swift in Sources */,
				F1B72A7423C22C2E008AAE49 /* Rank.swift in Sources */,
				F1B72A6E23C229C2008AAE49 /* Level.swift in Sources */,
				F1C29342231D4D0600DFD49F /* AppDelegate.swift in Sources */,
				F1B72A8623C23E44008AAE49 /* Cell.swift in Sources */,
			);
			runOnlyForDeploymentPostprocessing = 0;
		};
/* End PBXSourcesBuildPhase section */

/* Begin PBXVariantGroup section */
		F1C2934A231D4D0700DFD49F /* Launch.storyboard */ = {
			isa = PBXVariantGroup;
			children = (
				F1C2934B231D4D0700DFD49F /* Base */,
			);
			name = Launch.storyboard;
			sourceTree = "<group>";
		};
/* End PBXVariantGroup section */

/* Begin XCBuildConfiguration section */
		F1C2934E231D4D0700DFD49F /* Debug */ = {
			isa = XCBuildConfiguration;
			buildSettings = {
				ALWAYS_SEARCH_USER_PATHS = NO;
				CLANG_ANALYZER_NONNULL = YES;
				CLANG_ANALYZER_NUMBER_OBJECT_CONVERSION = YES_AGGRESSIVE;
				CLANG_CXX_LANGUAGE_STANDARD = "gnu++14";
				CLANG_CXX_LIBRARY = "libc++";
				CLANG_ENABLE_MODULES = YES;
				CLANG_ENABLE_OBJC_ARC = YES;
				CLANG_ENABLE_OBJC_WEAK = YES;
				CLANG_WARN_BLOCK_CAPTURE_AUTORELEASING = YES;
				CLANG_WARN_BOOL_CONVERSION = YES;
				CLANG_WARN_COMMA = YES;
				CLANG_WARN_CONSTANT_CONVERSION = YES;
				CLANG_WARN_DEPRECATED_OBJC_IMPLEMENTATIONS = YES;
				CLANG_WARN_DIRECT_OBJC_ISA_USAGE = YES_ERROR;
				CLANG_WARN_DOCUMENTATION_COMMENTS = YES;
				CLANG_WARN_EMPTY_BODY = YES;
				CLANG_WARN_ENUM_CONVERSION = YES;
				CLANG_WARN_INFINITE_RECURSION = YES;
				CLANG_WARN_INT_CONVERSION = YES;
				CLANG_WARN_NON_LITERAL_NULL_CONVERSION = YES;
				CLANG_WARN_OBJC_IMPLICIT_RETAIN_SELF = YES;
				CLANG_WARN_OBJC_LITERAL_CONVERSION = YES;
				CLANG_WARN_OBJC_ROOT_CLASS = YES_ERROR;
				CLANG_WARN_RANGE_LOOP_ANALYSIS = YES;
				CLANG_WARN_STRICT_PROTOTYPES = YES;
				CLANG_WARN_SUSPICIOUS_MOVE = YES;
				CLANG_WARN_UNGUARDED_AVAILABILITY = YES_AGGRESSIVE;
				CLANG_WARN_UNREACHABLE_CODE = YES;
				CLANG_WARN__DUPLICATE_METHOD_MATCH = YES;
				CODE_SIGN_IDENTITY = "iPhone Developer";
				COPY_PHASE_STRIP = NO;
				DEBUG_INFORMATION_FORMAT = dwarf;
				ENABLE_STRICT_OBJC_MSGSEND = YES;
				ENABLE_TESTABILITY = YES;
				GCC_C_LANGUAGE_STANDARD = gnu11;
				GCC_DYNAMIC_NO_PIC = NO;
				GCC_NO_COMMON_BLOCKS = YES;
				GCC_OPTIMIZATION_LEVEL = 0;
				GCC_PREPROCESSOR_DEFINITIONS = (
					"DEBUG=1",
					"$(inherited)",
				);
				GCC_WARN_64_TO_32_BIT_CONVERSION = YES;
				GCC_WARN_ABOUT_RETURN_TYPE = YES_ERROR;
				GCC_WARN_UNDECLARED_SELECTOR = YES;
				GCC_WARN_UNINITIALIZED_AUTOS = YES_AGGRESSIVE;
				GCC_WARN_UNUSED_FUNCTION = YES;
				GCC_WARN_UNUSED_VARIABLE = YES;
				IPHONEOS_DEPLOYMENT_TARGET = 13.2;
				MTL_ENABLE_DEBUG_INFO = INCLUDE_SOURCE;
				MTL_FAST_MATH = YES;
				ONLY_ACTIVE_ARCH = YES;
				SDKROOT = iphoneos;
				SWIFT_ACTIVE_COMPILATION_CONDITIONS = DEBUG;
				SWIFT_OPTIMIZATION_LEVEL = "-Onone";
			};
			name = Debug;
		};
		F1C2934F231D4D0700DFD49F /* Release */ = {
			isa = XCBuildConfiguration;
			buildSettings = {
				ALWAYS_SEARCH_USER_PATHS = NO;
				CLANG_ANALYZER_NONNULL = YES;
				CLANG_ANALYZER_NUMBER_OBJECT_CONVERSION = YES_AGGRESSIVE;
				CLANG_CXX_LANGUAGE_STANDARD = "gnu++14";
				CLANG_CXX_LIBRARY = "libc++";
				CLANG_ENABLE_MODULES = YES;
				CLANG_ENABLE_OBJC_ARC = YES;
				CLANG_ENABLE_OBJC_WEAK = YES;
				CLANG_WARN_BLOCK_CAPTURE_AUTORELEASING = YES;
				CLANG_WARN_BOOL_CONVERSION = YES;
				CLANG_WARN_COMMA = YES;
				CLANG_WARN_CONSTANT_CONVERSION = YES;
				CLANG_WARN_DEPRECATED_OBJC_IMPLEMENTATIONS = YES;
				CLANG_WARN_DIRECT_OBJC_ISA_USAGE = YES_ERROR;
				CLANG_WARN_DOCUMENTATION_COMMENTS = YES;
				CLANG_WARN_EMPTY_BODY = YES;
				CLANG_WARN_ENUM_CONVERSION = YES;
				CLANG_WARN_INFINITE_RECURSION = YES;
				CLANG_WARN_INT_CONVERSION = YES;
				CLANG_WARN_NON_LITERAL_NULL_CONVERSION = YES;
				CLANG_WARN_OBJC_IMPLICIT_RETAIN_SELF = YES;
				CLANG_WARN_OBJC_LITERAL_CONVERSION = YES;
				CLANG_WARN_OBJC_ROOT_CLASS = YES_ERROR;
				CLANG_WARN_RANGE_LOOP_ANALYSIS = YES;
				CLANG_WARN_STRICT_PROTOTYPES = YES;
				CLANG_WARN_SUSPICIOUS_MOVE = YES;
				CLANG_WARN_UNGUARDED_AVAILABILITY = YES_AGGRESSIVE;
				CLANG_WARN_UNREACHABLE_CODE = YES;
				CLANG_WARN__DUPLICATE_METHOD_MATCH = YES;
				CODE_SIGN_IDENTITY = "iPhone Developer";
				COPY_PHASE_STRIP = NO;
				DEBUG_INFORMATION_FORMAT = "dwarf-with-dsym";
				ENABLE_NS_ASSERTIONS = NO;
				ENABLE_STRICT_OBJC_MSGSEND = YES;
				GCC_C_LANGUAGE_STANDARD = gnu11;
				GCC_NO_COMMON_BLOCKS = YES;
				GCC_WARN_64_TO_32_BIT_CONVERSION = YES;
				GCC_WARN_ABOUT_RETURN_TYPE = YES_ERROR;
				GCC_WARN_UNDECLARED_SELECTOR = YES;
				GCC_WARN_UNINITIALIZED_AUTOS = YES_AGGRESSIVE;
				GCC_WARN_UNUSED_FUNCTION = YES;
				GCC_WARN_UNUSED_VARIABLE = YES;
				IPHONEOS_DEPLOYMENT_TARGET = 13.2;
				MTL_ENABLE_DEBUG_INFO = NO;
				MTL_FAST_MATH = YES;
				SDKROOT = iphoneos;
				SWIFT_COMPILATION_MODE = wholemodule;
				SWIFT_OPTIMIZATION_LEVEL = "-O";
				VALIDATE_PRODUCT = YES;
			};
			name = Release;
		};
		F1C29351231D4D0700DFD49F /* Debug */ = {
			isa = XCBuildConfiguration;
			buildSettings = {
				ASSETCATALOG_COMPILER_APPICON_NAME = AppIcon;
				CODE_SIGN_STYLE = Automatic;
				DEVELOPMENT_TEAM = 9Y6RS2D6XP;
				INFOPLIST_FILE = Card/Info.plist;
				LD_RUNPATH_SEARCH_PATHS = (
					"$(inherited)",
					"@executable_path/Frameworks",
				);
				PRODUCT_BUNDLE_IDENTIFIER = com.haanhgs.Card;
				PRODUCT_NAME = "$(TARGET_NAME)";
				SWIFT_VERSION = 5.0;
				TARGETED_DEVICE_FAMILY = 1;
			};
			name = Debug;
		};
		F1C29352231D4D0700DFD49F /* Release */ = {
			isa = XCBuildConfiguration;
			buildSettings = {
				ASSETCATALOG_COMPILER_APPICON_NAME = AppIcon;
				CODE_SIGN_STYLE = Automatic;
				DEVELOPMENT_TEAM = 9Y6RS2D6XP;
				INFOPLIST_FILE = Card/Info.plist;
				LD_RUNPATH_SEARCH_PATHS = (
					"$(inherited)",
					"@executable_path/Frameworks",
				);
				PRODUCT_BUNDLE_IDENTIFIER = com.haanhgs.Card;
				PRODUCT_NAME = "$(TARGET_NAME)";
				SWIFT_VERSION = 5.0;
				TARGETED_DEVICE_FAMILY = 1;
			};
			name = Release;
		};
/* End XCBuildConfiguration section */

/* Begin XCConfigurationList section */
		F1C29339231D4D0500DFD49F /* Build configuration list for PBXProject "Card" */ = {
			isa = XCConfigurationList;
			buildConfigurations = (
				F1C2934E231D4D0700DFD49F /* Debug */,
				F1C2934F231D4D0700DFD49F /* Release */,
			);
			defaultConfigurationIsVisible = 0;
			defaultConfigurationName = Release;
		};
		F1C29350231D4D0700DFD49F /* Build configuration list for PBXNativeTarget "Card" */ = {
			isa = XCConfigurationList;
			buildConfigurations = (
				F1C29351231D4D0700DFD49F /* Debug */,
				F1C29352231D4D0700DFD49F /* Release */,
			);
			defaultConfigurationIsVisible = 0;
			defaultConfigurationName = Release;
		};
/* End XCConfigurationList section */
	};
	rootObject = F1C29336231D4D0500DFD49F /* Project object */;
}
